
Microsoft Visual Studio Solution File, Format Version 12.00
# Visual Studio Version 16
VisualStudioVersion = 16.0.29102.190
MinimumVisualStudioVersion = 10.0.40219.1
Project("{FAE04EC0-301F-11D3-BF4B-00C04F79EFBC}") = "Tests", "Tests\Tests.csproj", "{BC87DA75-B99C-454D-BE70-78D74F40CF49}"
EndProject
Project("{FAE04EC0-301F-11D3-BF4B-00C04F79EFBC}") = "Reflection", "Reflection\Reflection.csproj", "{B9BC68C9-C4F5-4921-BDCC-07C71339CC9A}"
EndProject
Global
	GlobalSection(SolutionConfigurationPlatforms) = preSolution
		Debug|Any CPU = Debug|Any CPU
		Release|Any CPU = Release|Any CPU
	EndGlobalSection
	GlobalSection(ProjectConfigurationPlatforms) = postSolution
		{BC87DA75-B99C-454D-BE70-78D74F40CF49}.Debug|Any CPU.ActiveCfg = Debug|Any CPU
		{BC87DA75-B99C-454D-BE70-78D74F40CF49}.Debug|Any CPU.Build.0 = Debug|Any CPU
		{BC87DA75-B99C-454D-BE70-78D74F40CF49}.Release|Any CPU.ActiveCfg = Release|Any CPU
		{BC87DA75-B99C-454D-BE70-78D74F40CF49}.Release|Any CPU.Build.0 = Release|Any CPU
		{B9BC68C9-C4F5-4921-BDCC-07C71339CC9A}.Debug|Any CPU.ActiveCfg = Debug|Any CPU
		{B9BC68C9-C4F5-4921-BDCC-07C71339CC9A}.Debug|Any CPU.Build.0 = Debug|Any CPU
		{B9BC68C9-C4F5-4921-BDCC-07C71339CC9A}.Release|Any CPU.ActiveCfg = Release|Any CPU
		{B9BC68C9-C4F5-4921-BDCC-07C71339CC9A}.Release|Any CPU.Build.0 = Release|Any CPU
	EndGlobalSection
	GlobalSection(SolutionProperties) = preSolution
		HideSolutionNode = FALSE
	EndGlobalSection
	GlobalSection(ExtensibilityGlobals) = postSolution
		SolutionGuid = {54DB65AE-D25C-4A4B-AF81-E15ADB05CAAD}
	EndGlobalSection
EndGlobal
